
Microsoft Visual Studio Solution File, Format Version 12.00
# Visual Studio Version 17
VisualStudioVersion = 17.8.34309.116
MinimumVisualStudioVersion = 10.0.40219.1
Project("{FAE04EC0-301F-11D3-BF4B-00C04F79EFBC}") = "LINQExercise", "LINQExercise\LINQExercise.csproj", "{CBEB5157-68D1-442D-AFE1-A50CC3213D65}"
EndProject
Global
	GlobalSection(SolutionConfigurationPlatforms) = preSolution
		Debug|Any CPU = Debug|Any CPU
		Release|Any CPU = Release|Any CPU
	EndGlobalSection
	GlobalSection(ProjectConfigurationPlatforms) = postSolution
		{CBEB5157-68D1-442D-AFE1-A50CC3213D65}.Debug|Any CPU.ActiveCfg = Debug|Any CPU
		{CBEB5157-68D1-442D-AFE1-A50CC3213D65}.Debug|Any CPU.Build.0 = Debug|Any CPU
		{CBEB5157-68D1-442D-AFE1-A50CC3213D65}.Release|Any CPU.ActiveCfg = Release|Any CPU
		{CBEB5157-68D1-442D-AFE1-A50CC3213D65}.Release|Any CPU.Build.0 = Release|Any CPU
	EndGlobalSection
	GlobalSection(SolutionProperties) = preSolution
		HideSolutionNode = FALSE
	EndGlobalSection
	GlobalSection(ExtensibilityGlobals) = postSolution
		SolutionGuid = {3C4544ED-7B9A-4321-95F2-1FA4514AA0CE}
	EndGlobalSection
EndGlobal
